
Microsoft Visual Studio Solution File, Format Version 12.00
# Visual Studio Version 17
VisualStudioVersion = 17.8.34525.116
MinimumVisualStudioVersion = 10.0.40219.1
Project("{9A19103F-16F7-4668-BE54-9A1E7A4F7556}") = "Workaround", "Workaround\Workaround.csproj", "{901387AA-ABC7-40A6-95D3-841FA914582B}"
EndProject
Project("{FAE04EC0-301F-11D3-BF4B-00C04F79EFBC}") = "Entities", "Entities\Entities.csproj", "{610D1522-0BFA-42A9-BD55-A1864F8D0D63}"
EndProject
Project("{FAE04EC0-301F-11D3-BF4B-00C04F79EFBC}") = "Business", "Business\Business.csproj", "{F2AC870D-2BC6-469C-9E53-65BE26F6BA63}"
EndProject
Global
	GlobalSection(SolutionConfigurationPlatforms) = preSolution
		Debug|Any CPU = Debug|Any CPU
		Release|Any CPU = Release|Any CPU
	EndGlobalSection
	GlobalSection(ProjectConfigurationPlatforms) = postSolution
		{901387AA-ABC7-40A6-95D3-841FA914582B}.Debug|Any CPU.ActiveCfg = Debug|Any CPU
		{901387AA-ABC7-40A6-95D3-841FA914582B}.Debug|Any CPU.Build.0 = Debug|Any CPU
		{901387AA-ABC7-40A6-95D3-841FA914582B}.Release|Any CPU.ActiveCfg = Release|Any CPU
		{901387AA-ABC7-40A6-95D3-841FA914582B}.Release|Any CPU.Build.0 = Release|Any CPU
		{610D1522-0BFA-42A9-BD55-A1864F8D0D63}.Debug|Any CPU.ActiveCfg = Debug|Any CPU
		{610D1522-0BFA-42A9-BD55-A1864F8D0D63}.Debug|Any CPU.Build.0 = Debug|Any CPU
		{610D1522-0BFA-42A9-BD55-A1864F8D0D63}.Release|Any CPU.ActiveCfg = Release|Any CPU
		{610D1522-0BFA-42A9-BD55-A1864F8D0D63}.Release|Any CPU.Build.0 = Release|Any CPU
		{F2AC870D-2BC6-469C-9E53-65BE26F6BA63}.Debug|Any CPU.ActiveCfg = Debug|Any CPU
		{F2AC870D-2BC6-469C-9E53-65BE26F6BA63}.Debug|Any CPU.Build.0 = Debug|Any CPU
		{F2AC870D-2BC6-469C-9E53-65BE26F6BA63}.Release|Any CPU.ActiveCfg = Release|Any CPU
		{F2AC870D-2BC6-469C-9E53-65BE26F6BA63}.Release|Any CPU.Build.0 = Release|Any CPU
	EndGlobalSection
	GlobalSection(SolutionProperties) = preSolution
		HideSolutionNode = FALSE
	EndGlobalSection
	GlobalSection(ExtensibilityGlobals) = postSolution
		SolutionGuid = {436594EA-0824-457F-990F-825AA3FEADD4}
	EndGlobalSection
EndGlobal
